
Microsoft Visual Studio Solution File, Format Version 12.00
# Visual Studio Version 17
VisualStudioVersion = 17.10.35027.167
MinimumVisualStudioVersion = 10.0.40219.1
Project("{9A19103F-16F7-4668-BE54-9A1E7A4F7556}") = "ChessTournment_Web_API", "ChessTournment_Web_API\ChessTournment_Web_API.csproj", "{BB3E25AA-264C-47B8-8D46-30D248C545EE}"
EndProject
Project("{00D1A9C2-B5F0-4AF3-8072-F6C62B433612}") = "ChessTournement_DB", "ChessTournement_DB\ChessTournement_DB.sqlproj", "{A13F5157-E980-404D-9918-0085542123DB}"
EndProject
Project("{2150E333-8FDC-42A3-9474-1A3956D46DE8}") = "ASPAPI", "ASPAPI", "{2FE68A1F-34CF-42EC-B1B0-59A8EC4937B2}"
EndProject
Project("{2150E333-8FDC-42A3-9474-1A3956D46DE8}") = "BLL", "BLL", "{9E0910B2-E724-4713-BA14-F41D6A688D19}"
EndProject
Project("{2150E333-8FDC-42A3-9474-1A3956D46DE8}") = "DAL", "DAL", "{10B5B4E7-8270-45A3-A9C9-58A2193965D5}"
EndProject
Project("{FAE04EC0-301F-11D3-BF4B-00C04F79EFBC}") = "ChessTournament_BLL", "ChessTournament_BLL\ChessTournament_BLL.csproj", "{268DBAB4-E3DB-4A45-AED2-14E783E2140C}"
EndProject
Project("{FAE04EC0-301F-11D3-BF4B-00C04F79EFBC}") = "ChessTournament_DAL", "ChessTournament_DAL\ChessTournament_DAL.csproj", "{8FA722BA-A3EE-4016-8806-F271A16C8E48}"
EndProject
Project("{2150E333-8FDC-42A3-9474-1A3956D46DE8}") = "COMMON", "COMMON", "{273F8325-6FFE-4CFA-B654-FB37F854DD87}"
EndProject
Project("{FAE04EC0-301F-11D3-BF4B-00C04F79EFBC}") = "ChessTournament_COMMON", "ChessTournament_COMMON\ChessTournament_COMMON.csproj", "{94319801-6770-457D-88DE-B0B133BE4874}"
EndProject
Project("{2150E333-8FDC-42A3-9474-1A3956D46DE8}") = "DATABASES", "DATABASES", "{8BCCB9FC-6A0A-4A8F-9CA6-2EEF1003B232}"
EndProject
Global
	GlobalSection(SolutionConfigurationPlatforms) = preSolution
		Debug|Any CPU = Debug|Any CPU
		Release|Any CPU = Release|Any CPU
	EndGlobalSection
	GlobalSection(ProjectConfigurationPlatforms) = postSolution
		{BB3E25AA-264C-47B8-8D46-30D248C545EE}.Debug|Any CPU.ActiveCfg = Debug|Any CPU
		{BB3E25AA-264C-47B8-8D46-30D248C545EE}.Debug|Any CPU.Build.0 = Debug|Any CPU
		{BB3E25AA-264C-47B8-8D46-30D248C545EE}.Release|Any CPU.ActiveCfg = Release|Any CPU
		{BB3E25AA-264C-47B8-8D46-30D248C545EE}.Release|Any CPU.Build.0 = Release|Any CPU
		{A13F5157-E980-404D-9918-0085542123DB}.Debug|Any CPU.ActiveCfg = Debug|Any CPU
		{A13F5157-E980-404D-9918-0085542123DB}.Debug|Any CPU.Build.0 = Debug|Any CPU
		{A13F5157-E980-404D-9918-0085542123DB}.Debug|Any CPU.Deploy.0 = Debug|Any CPU
		{A13F5157-E980-404D-9918-0085542123DB}.Release|Any CPU.ActiveCfg = Release|Any CPU
		{A13F5157-E980-404D-9918-0085542123DB}.Release|Any CPU.Build.0 = Release|Any CPU
		{A13F5157-E980-404D-9918-0085542123DB}.Release|Any CPU.Deploy.0 = Release|Any CPU
		{268DBAB4-E3DB-4A45-AED2-14E783E2140C}.Debug|Any CPU.ActiveCfg = Debug|Any CPU
		{268DBAB4-E3DB-4A45-AED2-14E783E2140C}.Debug|Any CPU.Build.0 = Debug|Any CPU
		{268DBAB4-E3DB-4A45-AED2-14E783E2140C}.Release|Any CPU.ActiveCfg = Release|Any CPU
		{268DBAB4-E3DB-4A45-AED2-14E783E2140C}.Release|Any CPU.Build.0 = Release|Any CPU
		{8FA722BA-A3EE-4016-8806-F271A16C8E48}.Debug|Any CPU.ActiveCfg = Debug|Any CPU
		{8FA722BA-A3EE-4016-8806-F271A16C8E48}.Debug|Any CPU.Build.0 = Debug|Any CPU
		{8FA722BA-A3EE-4016-8806-F271A16C8E48}.Release|Any CPU.ActiveCfg = Release|Any CPU
		{8FA722BA-A3EE-4016-8806-F271A16C8E48}.Release|Any CPU.Build.0 = Release|Any CPU
		{94319801-6770-457D-88DE-B0B133BE4874}.Debug|Any CPU.ActiveCfg = Debug|Any CPU
		{94319801-6770-457D-88DE-B0B133BE4874}.Debug|Any CPU.Build.0 = Debug|Any CPU
		{94319801-6770-457D-88DE-B0B133BE4874}.Release|Any CPU.ActiveCfg = Release|Any CPU
		{94319801-6770-457D-88DE-B0B133BE4874}.Release|Any CPU.Build.0 = Release|Any CPU
	EndGlobalSection
	GlobalSection(SolutionProperties) = preSolution
		HideSolutionNode = FALSE
	EndGlobalSection
	GlobalSection(NestedProjects) = preSolution
		{BB3E25AA-264C-47B8-8D46-30D248C545EE} = {2FE68A1F-34CF-42EC-B1B0-59A8EC4937B2}
		{A13F5157-E980-404D-9918-0085542123DB} = {8BCCB9FC-6A0A-4A8F-9CA6-2EEF1003B232}
		{268DBAB4-E3DB-4A45-AED2-14E783E2140C} = {9E0910B2-E724-4713-BA14-F41D6A688D19}
		{8FA722BA-A3EE-4016-8806-F271A16C8E48} = {10B5B4E7-8270-45A3-A9C9-58A2193965D5}
		{94319801-6770-457D-88DE-B0B133BE4874} = {273F8325-6FFE-4CFA-B654-FB37F854DD87}
	EndGlobalSection
	GlobalSection(ExtensibilityGlobals) = postSolution
		SolutionGuid = {9C4A6615-CEDD-4DFA-9F9C-37468292CE59}
	EndGlobalSection
EndGlobal
